
Microsoft Visual Studio Solution File, Format Version 12.00
# Visual Studio Version 16
VisualStudioVersion = 16.0.30611.23
MinimumVisualStudioVersion = 10.0.40219.1
Project("{FAE04EC0-301F-11D3-BF4B-00C04F79EFBC}") = "AdventOfCode", "AdventOfCode\AdventOfCode.csproj", "{464F0AA6-3094-499A-A593-03719A6E92D4}"
EndProject
Global
	GlobalSection(SolutionConfigurationPlatforms) = preSolution
		Debug|Any CPU = Debug|Any CPU
		Release|Any CPU = Release|Any CPU
	EndGlobalSection
	GlobalSection(ProjectConfigurationPlatforms) = postSolution
		{464F0AA6-3094-499A-A593-03719A6E92D4}.Debug|Any CPU.ActiveCfg = Debug|Any CPU
		{464F0AA6-3094-499A-A593-03719A6E92D4}.Debug|Any CPU.Build.0 = Debug|Any CPU
		{464F0AA6-3094-499A-A593-03719A6E92D4}.Release|Any CPU.ActiveCfg = Release|Any CPU
		{464F0AA6-3094-499A-A593-03719A6E92D4}.Release|Any CPU.Build.0 = Release|Any CPU
	EndGlobalSection
	GlobalSection(SolutionProperties) = preSolution
		HideSolutionNode = FALSE
	EndGlobalSection
	GlobalSection(ExtensibilityGlobals) = postSolution
		SolutionGuid = {D2B83016-673F-48A3-AB6D-62259F74FA0C}
	EndGlobalSection
EndGlobal
